
Microsoft Visual Studio Solution File, Format Version 12.00
# Visual Studio Version 17
VisualStudioVersion = 17.6.33829.357
MinimumVisualStudioVersion = 10.0.40219.1
Project("{FAE04EC0-301F-11D3-BF4B-00C04F79EFBC}") = "Winform-App", "Winform-App\Winform-App.csproj", "{87EBF777-92E0-431A-8474-D0B1057A6D70}"
EndProject
Project("{FAE04EC0-301F-11D3-BF4B-00C04F79EFBC}") = "Dominio", "Dominio\Dominio.csproj", "{6B1FBF81-8FFD-471D-B4EF-9BAFF5959531}"
EndProject
Global
	GlobalSection(SolutionConfigurationPlatforms) = preSolution
		Debug|Any CPU = Debug|Any CPU
		Release|Any CPU = Release|Any CPU
	EndGlobalSection
	GlobalSection(ProjectConfigurationPlatforms) = postSolution
		{87EBF777-92E0-431A-8474-D0B1057A6D70}.Debug|Any CPU.ActiveCfg = Debug|Any CPU
		{87EBF777-92E0-431A-8474-D0B1057A6D70}.Debug|Any CPU.Build.0 = Debug|Any CPU
		{87EBF777-92E0-431A-8474-D0B1057A6D70}.Release|Any CPU.ActiveCfg = Release|Any CPU
		{87EBF777-92E0-431A-8474-D0B1057A6D70}.Release|Any CPU.Build.0 = Release|Any CPU
		{6B1FBF81-8FFD-471D-B4EF-9BAFF5959531}.Debug|Any CPU.ActiveCfg = Debug|Any CPU
		{6B1FBF81-8FFD-471D-B4EF-9BAFF5959531}.Debug|Any CPU.Build.0 = Debug|Any CPU
		{6B1FBF81-8FFD-471D-B4EF-9BAFF5959531}.Release|Any CPU.ActiveCfg = Release|Any CPU
		{6B1FBF81-8FFD-471D-B4EF-9BAFF5959531}.Release|Any CPU.Build.0 = Release|Any CPU
	EndGlobalSection
	GlobalSection(SolutionProperties) = preSolution
		HideSolutionNode = FALSE
	EndGlobalSection
	GlobalSection(ExtensibilityGlobals) = postSolution
		SolutionGuid = {2F9F1C36-8A5C-4182-AB6A-EDDC4D2FE57F}
	EndGlobalSection
EndGlobal
